// !$*UTF8*$!
{
	archiveVersion = 1;
	classes = {
	};
	objectVersion = 50;
	objects = {

/* Begin PBXBuildFile section */
		53887B4F25E0C31A00E83337 /* AppDelegate.swift in Sources */ = {isa = PBXBuildFile; fileRef = 53887B4E25E0C31A00E83337 /* AppDelegate.swift */; };
		53887B5125E0C31A00E83337 /* SceneDelegate.swift in Sources */ = {isa = PBXBuildFile; fileRef = 53887B5025E0C31A00E83337 /* SceneDelegate.swift */; };
		53887B5325E0C31A00E83337 /* ViewController.swift in Sources */ = {isa = PBXBuildFile; fileRef = 53887B5225E0C31A00E83337 /* ViewController.swift */; };
		53887B5625E0C31A00E83337 /* Main.storyboard in Resources */ = {isa = PBXBuildFile; fileRef = 53887B5425E0C31A00E83337 /* Main.storyboard */; };
		53887B5825E0C31D00E83337 /* Assets.xcassets in Resources */ = {isa = PBXBuildFile; fileRef = 53887B5725E0C31D00E83337 /* Assets.xcassets */; };
		53887B5B25E0C31D00E83337 /* LaunchScreen.storyboard in Resources */ = {isa = PBXBuildFile; fileRef = 53887B5925E0C31D00E83337 /* LaunchScreen.storyboard */; };
		53887B6625E0C31D00E83337 /* flixsterTests.swift in Sources */ = {isa = PBXBuildFile; fileRef = 53887B6525E0C31D00E83337 /* flixsterTests.swift */; };
		53887B7125E0C31D00E83337 /* flixsterUITests.swift in Sources */ = {isa = PBXBuildFile; fileRef = 53887B7025E0C31D00E83337 /* flixsterUITests.swift */; };
/* End PBXBuildFile section */

/* Begin PBXContainerItemProxy section */
		53887B6225E0C31D00E83337 /* PBXContainerItemProxy */ = {
			isa = PBXContainerItemProxy;
			containerPortal = 53887B4325E0C31A00E83337 /* Project object */;
			proxyType = 1;
			remoteGlobalIDString = 53887B4A25E0C31A00E83337;
			remoteInfo = flixster;
		};
		53887B6D25E0C31D00E83337 /* PBXContainerItemProxy */ = {
			isa = PBXContainerItemProxy;
			containerPortal = 53887B4325E0C31A00E83337 /* Project object */;
			proxyType = 1;
			remoteGlobalIDString = 53887B4A25E0C31A00E83337;
			remoteInfo = flixster;
		};
/* End PBXContainerItemProxy section */

/* Begin PBXFileReference section */
		53887B4B25E0C31A00E83337 /* flixster.app */ = {isa = PBXFileReference; explicitFileType = wrapper.application; includeInIndex = 0; path = flixster.app; sourceTree = BUILT_PRODUCTS_DIR; };
		53887B4E25E0C31A00E83337 /* AppDelegate.swift */ = {isa = PBXFileReference; lastKnownFileType = sourcecode.swift; path = AppDelegate.swift; sourceTree = "<group>"; };
		53887B5025E0C31A00E83337 /* SceneDelegate.swift */ = {isa = PBXFileReference; lastKnownFileType = sourcecode.swift; path = SceneDelegate.swift; sourceTree = "<group>"; };
		53887B5225E0C31A00E83337 /* ViewController.swift */ = {isa = PBXFileReference; lastKnownFileType = sourcecode.swift; path = ViewController.swift; sourceTree = "<group>"; };
		53887B5525E0C31A00E83337 /* Base */ = {isa = PBXFileReference; lastKnownFileType = file.storyboard; name = Base; path = Base.lproj/Main.storyboard; sourceTree = "<group>"; };
		53887B5725E0C31D00E83337 /* Assets.xcassets */ = {isa = PBXFileReference; lastKnownFileType = folder.assetcatalog; path = Assets.xcassets; sourceTree = "<group>"; };
		53887B5A25E0C31D00E83337 /* Base */ = {isa = PBXFileReference; lastKnownFileType = file.storyboard; name = Base; path = Base.lproj/LaunchScreen.storyboard; sourceTree = "<group>"; };
		53887B5C25E0C31D00E83337 /* Info.plist */ = {isa = PBXFileReference; lastKnownFileType = text.plist.xml; path = Info.plist; sourceTree = "<group>"; };
		53887B6125E0C31D00E83337 /* flixsterTests.xctest */ = {isa = PBXFileReference; explicitFileType = wrapper.cfbundle; includeInIndex = 0; path = flixsterTests.xctest; sourceTree = BUILT_PRODUCTS_DIR; };
		53887B6525E0C31D00E83337 /* flixsterTests.swift */ = {isa = PBXFileReference; lastKnownFileType = sourcecode.swift; path = flixsterTests.swift; sourceTree = "<group>"; };
		53887B6725E0C31D00E83337 /* Info.plist */ = {isa = PBXFileReference; lastKnownFileType = text.plist.xml; path = Info.plist; sourceTree = "<group>"; };
		53887B6C25E0C31D00E83337 /* flixsterUITests.xctest */ = {isa = PBXFileReference; explicitFileType = wrapper.cfbundle; includeInIndex = 0; path = flixsterUITests.xctest; sourceTree = BUILT_PRODUCTS_DIR; };
		53887B7025E0C31D00E83337 /* flixsterUITests.swift */ = {isa = PBXFileReference; lastKnownFileType = sourcecode.swift; path = flixsterUITests.swift; sourceTree = "<group>"; };
		53887B7225E0C31D00E83337 /* Info.plist */ = {isa = PBXFileReference; lastKnownFileType = text.plist.xml; path = Info.plist; sourceTree = "<group>"; };
/* End PBXFileReference section */

/* Begin PBXFrameworksBuildPhase section */
		53887B4825E0C31A00E83337 /* Frameworks */ = {
			isa = PBXFrameworksBuildPhase;
			buildActionMask = 2147483647;
			files = (
			);
			runOnlyForDeploymentPostprocessing = 0;
		};
		53887B5E25E0C31D00E83337 /* Frameworks */ = {
			isa = PBXFrameworksBuildPhase;
			buildActionMask = 2147483647;
			files = (
			);
			runOnlyForDeploymentPostprocessing = 0;
		};
		53887B6925E0C31D00E83337 /* Frameworks */ = {
			isa = PBXFrameworksBuildPhase;
			buildActionMask = 2147483647;
			files = (
			);
			runOnlyForDeploymentPostprocessing = 0;
		};
/* End PBXFrameworksBuildPhase section */

/* Begin PBXGroup section */
		53887B4225E0C31A00E83337 = {
			isa = PBXGroup;
			children = (
				53887B4D25E0C31A00E83337 /* flixster */,
				53887B6425E0C31D00E83337 /* flixsterTests */,
				53887B6F25E0C31D00E83337 /* flixsterUITests */,
				53887B4C25E0C31A00E83337 /* Products */,
			);
			sourceTree = "<group>";
		};
		53887B4C25E0C31A00E83337 /* Products */ = {
			isa = PBXGroup;
			children = (
				53887B4B25E0C31A00E83337 /* flixster.app */,
				53887B6125E0C31D00E83337 /* flixsterTests.xctest */,
				53887B6C25E0C31D00E83337 /* flixsterUITests.xctest */,
			);
			name = Products;
			sourceTree = "<group>";
		};
		53887B4D25E0C31A00E83337 /* flixster */ = {
			isa = PBXGroup;
			children = (
				53887B4E25E0C31A00E83337 /* AppDelegate.swift */,
				53887B5025E0C31A00E83337 /* SceneDelegate.swift */,
				53887B5225E0C31A00E83337 /* ViewController.swift */,
				53887B5425E0C31A00E83337 /* Main.storyboard */,
				53887B5725E0C31D00E83337 /* Assets.xcassets */,
				53887B5925E0C31D00E83337 /* LaunchScreen.storyboard */,
				53887B5C25E0C31D00E83337 /* Info.plist */,
			);
			path = flixster;
			sourceTree = "<group>";
		};
		53887B6425E0C31D00E83337 /* flixsterTests */ = {
			isa = PBXGroup;
			children = (
				53887B6525E0C31D00E83337 /* flixsterTests.swift */,
				53887B6725E0C31D00E83337 /* Info.plist */,
			);
			path = flixsterTests;
			sourceTree = "<group>";
		};
		53887B6F25E0C31D00E83337 /* flixsterUITests */ = {
			isa = PBXGroup;
			children = (
				53887B7025E0C31D00E83337 /* flixsterUITests.swift */,
				53887B7225E0C31D00E83337 /* Info.plist */,
			);
			path = flixsterUITests;
			sourceTree = "<group>";
		};
/* End PBXGroup section */

/* Begin PBXNativeTarget section */
		53887B4A25E0C31A00E83337 /* flixster */ = {
			isa = PBXNativeTarget;
			buildConfigurationList = 53887B7525E0C31D00E83337 /* Build configuration list for PBXNativeTarget "flixster" */;
			buildPhases = (
				53887B4725E0C31A00E83337 /* Sources */,
				53887B4825E0C31A00E83337 /* Frameworks */,
				53887B4925E0C31A00E83337 /* Resources */,
			);
			buildRules = (
			);
			dependencies = (
			);
			name = flixster;
			productName = flixster;
			productReference = 53887B4B25E0C31A00E83337 /* flixster.app */;
			productType = "com.apple.product-type.application";
		};
		53887B6025E0C31D00E83337 /* flixsterTests */ = {
			isa = PBXNativeTarget;
			buildConfigurationList = 53887B7825E0C31D00E83337 /* Build configuration list for PBXNativeTarget "flixsterTests" */;
			buildPhases = (
				53887B5D25E0C31D00E83337 /* Sources */,
				53887B5E25E0C31D00E83337 /* Frameworks */,
				53887B5F25E0C31D00E83337 /* Resources */,
			);
			buildRules = (
			);
			dependencies = (
				53887B6325E0C31D00E83337 /* PBXTargetDependency */,
			);
			name = flixsterTests;
			productName = flixsterTests;
			productReference = 53887B6125E0C31D00E83337 /* flixsterTests.xctest */;
			productType = "com.apple.product-type.bundle.unit-test";
		};
		53887B6B25E0C31D00E83337 /* flixsterUITests */ = {
			isa = PBXNativeTarget;
			buildConfigurationList = 53887B7B25E0C31D00E83337 /* Build configuration list for PBXNativeTarget "flixsterUITests" */;
			buildPhases = (
				53887B6825E0C31D00E83337 /* Sources */,
				53887B6925E0C31D00E83337 /* Frameworks */,
				53887B6A25E0C31D00E83337 /* Resources */,
			);
			buildRules = (
			);
			dependencies = (
				53887B6E25E0C31D00E83337 /* PBXTargetDependency */,
			);
			name = flixsterUITests;
			productName = flixsterUITests;
			productReference = 53887B6C25E0C31D00E83337 /* flixsterUITests.xctest */;
			productType = "com.apple.product-type.bundle.ui-testing";
		};
/* End PBXNativeTarget section */

/* Begin PBXProject section */
		53887B4325E0C31A00E83337 /* Project object */ = {
			isa = PBXProject;
			attributes = {
				LastSwiftUpdateCheck = 1240;
				LastUpgradeCheck = 1240;
				TargetAttributes = {
					53887B4A25E0C31A00E83337 = {
						CreatedOnToolsVersion = 12.4;
					};
					53887B6025E0C31D00E83337 = {
						CreatedOnToolsVersion = 12.4;
						TestTargetID = 53887B4A25E0C31A00E83337;
					};
					53887B6B25E0C31D00E83337 = {
						CreatedOnToolsVersion = 12.4;
						TestTargetID = 53887B4A25E0C31A00E83337;
					};
				};
			};
			buildConfigurationList = 53887B4625E0C31A00E83337 /* Build configuration list for PBXProject "flixster" */;
			compatibilityVersion = "Xcode 9.3";
			developmentRegion = en;
			hasScannedForEncodings = 0;
			knownRegions = (
				en,
				Base,
			);
			mainGroup = 53887B4225E0C31A00E83337;
			productRefGroup = 53887B4C25E0C31A00E83337 /* Products */;
			projectDirPath = "";
			projectRoot = "";
			targets = (
				53887B4A25E0C31A00E83337 /* flixster */,
				53887B6025E0C31D00E83337 /* flixsterTests */,
				53887B6B25E0C31D00E83337 /* flixsterUITests */,
			);
		};
/* End PBXProject section */

/* Begin PBXResourcesBuildPhase section */
		53887B4925E0C31A00E83337 /* Resources */ = {
			isa = PBXResourcesBuildPhase;
			buildActionMask = 2147483647;
			files = (
				53887B5B25E0C31D00E83337 /* LaunchScreen.storyboard in Resources */,
				53887B5825E0C31D00E83337 /* Assets.xcassets in Resources */,
				53887B5625E0C31A00E83337 /* Main.storyboard in Resources */,
			);
			runOnlyForDeploymentPostprocessing = 0;
		};
		53887B5F25E0C31D00E83337 /* Resources */ = {
			isa = PBXResourcesBuildPhase;
			buildActionMask = 2147483647;
			files = (
			);
			runOnlyForDeploymentPostprocessing = 0;
		};
		53887B6A25E0C31D00E83337 /* Resources */ = {
			isa = PBXResourcesBuildPhase;
			buildActionMask = 2147483647;
			files = (
			);
			runOnlyForDeploymentPostprocessing = 0;
		};
/* End PBXResourcesBuildPhase section */

/* Begin PBXSourcesBuildPhase section */
		53887B4725E0C31A00E83337 /* Sources */ = {
			isa = PBXSourcesBuildPhase;
			buildActionMask = 2147483647;
			files = (
				53887B5325E0C31A00E83337 /* ViewController.swift in Sources */,
				53887B4F25E0C31A00E83337 /* AppDelegate.swift in Sources */,
				53887B5125E0C31A00E83337 /* SceneDelegate.swift in Sources */,
			);
			runOnlyForDeploymentPostprocessing = 0;
		};
		53887B5D25E0C31D00E83337 /* Sources */ = {
			isa = PBXSourcesBuildPhase;
			buildActionMask = 2147483647;
			files = (
				53887B6625E0C31D00E83337 /* flixsterTests.swift in Sources */,
			);
			runOnlyForDeploymentPostprocessing = 0;
		};
		53887B6825E0C31D00E83337 /* Sources */ = {
			isa = PBXSourcesBuildPhase;
			buildActionMask = 2147483647;
			files = (
				53887B7125E0C31D00E83337 /* flixsterUITests.swift in Sources */,
			);
			runOnlyForDeploymentPostprocessing = 0;
		};
/* End PBXSourcesBuildPhase section */

/* Begin PBXTargetDependency section */
		53887B6325E0C31D00E83337 /* PBXTargetDependency */ = {
			isa = PBXTargetDependency;
			target = 53887B4A25E0C31A00E83337 /* flixster */;
			targetProxy = 53887B6225E0C31D00E83337 /* PBXContainerItemProxy */;
		};
		53887B6E25E0C31D00E83337 /* PBXTargetDependency */ = {
			isa = PBXTargetDependency;
			target = 53887B4A25E0C31A00E83337 /* flixster */;
			targetProxy = 53887B6D25E0C31D00E83337 /* PBXContainerItemProxy */;
		};
/* End PBXTargetDependency section */

/* Begin PBXVariantGroup section */
		53887B5425E0C31A00E83337 /* Main.storyboard */ = {
			isa = PBXVariantGroup;
			children = (
				53887B5525E0C31A00E83337 /* Base */,
			);
			name = Main.storyboard;
			sourceTree = "<group>";
		};
		53887B5925E0C31D00E83337 /* LaunchScreen.storyboard */ = {
			isa = PBXVariantGroup;
			children = (
				53887B5A25E0C31D00E83337 /* Base */,
			);
			name = LaunchScreen.storyboard;
			sourceTree = "<group>";
		};
/* End PBXVariantGroup section */

/* Begin XCBuildConfiguration section */
		53887B7325E0C31D00E83337 /* Debug */ = {
			isa = XCBuildConfiguration;
			buildSettings = {
				ALWAYS_SEARCH_USER_PATHS = NO;
				CLANG_ANALYZER_NONNULL = YES;
				CLANG_ANALYZER_NUMBER_OBJECT_CONVERSION = YES_AGGRESSIVE;
				CLANG_CXX_LANGUAGE_STANDARD = "gnu++14";
				CLANG_CXX_LIBRARY = "libc++";
				CLANG_ENABLE_MODULES = YES;
				CLANG_ENABLE_OBJC_ARC = YES;
				CLANG_ENABLE_OBJC_WEAK = YES;
				CLANG_WARN_BLOCK_CAPTURE_AUTORELEASING = YES;
				CLANG_WARN_BOOL_CONVERSION = YES;
				CLANG_WARN_COMMA = YES;
				CLANG_WARN_CONSTANT_CONVERSION = YES;
				CLANG_WARN_DEPRECATED_OBJC_IMPLEMENTATIONS = YES;
				CLANG_WARN_DIRECT_OBJC_ISA_USAGE = YES_ERROR;
				CLANG_WARN_DOCUMENTATION_COMMENTS = YES;
				CLANG_WARN_EMPTY_BODY = YES;
				CLANG_WARN_ENUM_CONVERSION = YES;
				CLANG_WARN_INFINITE_RECURSION = YES;
				CLANG_WARN_INT_CONVERSION = YES;
				CLANG_WARN_NON_LITERAL_NULL_CONVERSION = YES;
				CLANG_WARN_OBJC_IMPLICIT_RETAIN_SELF = YES;
				CLANG_WARN_OBJC_LITERAL_CONVERSION = YES;
				CLANG_WARN_OBJC_ROOT_CLASS = YES_ERROR;
				CLANG_WARN_QUOTED_INCLUDE_IN_FRAMEWORK_HEADER = YES;
				CLANG_WARN_RANGE_LOOP_ANALYSIS = YES;
				CLANG_WARN_STRICT_PROTOTYPES = YES;
				CLANG_WARN_SUSPICIOUS_MOVE = YES;
				CLANG_WARN_UNGUARDED_AVAILABILITY = YES_AGGRESSIVE;
				CLANG_WARN_UNREACHABLE_CODE = YES;
				CLANG_WARN__DUPLICATE_METHOD_MATCH = YES;
				COPY_PHASE_STRIP = NO;
				DEBUG_INFORMATION_FORMAT = dwarf;
				ENABLE_STRICT_OBJC_MSGSEND = YES;
				ENABLE_TESTABILITY = YES;
				GCC_C_LANGUAGE_STANDARD = gnu11;
				GCC_DYNAMIC_NO_PIC = NO;
				GCC_NO_COMMON_BLOCKS = YES;
				GCC_OPTIMIZATION_LEVEL = 0;
				GCC_PREPROCESSOR_DEFINITIONS = (
					"DEBUG=1",
					"$(inherited)",
				);
				GCC_WARN_64_TO_32_BIT_CONVERSION = YES;
				GCC_WARN_ABOUT_RETURN_TYPE = YES_ERROR;
				GCC_WARN_UNDECLARED_SELECTOR = YES;
				GCC_WARN_UNINITIALIZED_AUTOS = YES_AGGRESSIVE;
				GCC_WARN_UNUSED_FUNCTION = YES;
				GCC_WARN_UNUSED_VARIABLE = YES;
				IPHONEOS_DEPLOYMENT_TARGET = 14.4;
				MTL_ENABLE_DEBUG_INFO = INCLUDE_SOURCE;
				MTL_FAST_MATH = YES;
				ONLY_ACTIVE_ARCH = YES;
				SDKROOT = iphoneos;
				SWIFT_ACTIVE_COMPILATION_CONDITIONS = DEBUG;
				SWIFT_OPTIMIZATION_LEVEL = "-Onone";
			};
			name = Debug;
		};
		53887B7425E0C31D00E83337 /* Release */ = {
			isa = XCBuildConfiguration;
			buildSettings = {
				ALWAYS_SEARCH_USER_PATHS = NO;
				CLANG_ANALYZER_NONNULL = YES;
				CLANG_ANALYZER_NUMBER_OBJECT_CONVERSION = YES_AGGRESSIVE;
				CLANG_CXX_LANGUAGE_STANDARD = "gnu++14";
				CLANG_CXX_LIBRARY = "libc++";
				CLANG_ENABLE_MODULES = YES;
				CLANG_ENABLE_OBJC_ARC = YES;
				CLANG_ENABLE_OBJC_WEAK = YES;
				CLANG_WARN_BLOCK_CAPTURE_AUTORELEASING = YES;
				CLANG_WARN_BOOL_CONVERSION = YES;
				CLANG_WARN_COMMA = YES;
				CLANG_WARN_CONSTANT_CONVERSION = YES;
				CLANG_WARN_DEPRECATED_OBJC_IMPLEMENTATIONS = YES;
				CLANG_WARN_DIRECT_OBJC_ISA_USAGE = YES_ERROR;
				CLANG_WARN_DOCUMENTATION_COMMENTS = YES;
				CLANG_WARN_EMPTY_BODY = YES;
				CLANG_WARN_ENUM_CONVERSION = YES;
				CLANG_WARN_INFINITE_RECURSION = YES;
				CLANG_WARN_INT_CONVERSION = YES;
				CLANG_WARN_NON_LITERAL_NULL_CONVERSION = YES;
				CLANG_WARN_OBJC_IMPLICIT_RETAIN_SELF = YES;
				CLANG_WARN_OBJC_LITERAL_CONVERSION = YES;
				CLANG_WARN_OBJC_ROOT_CLASS = YES_ERROR;
				CLANG_WARN_QUOTED_INCLUDE_IN_FRAMEWORK_HEADER = YES;
				CLANG_WARN_RANGE_LOOP_ANALYSIS = YES;
				CLANG_WARN_STRICT_PROTOTYPES = YES;
				CLANG_WARN_SUSPICIOUS_MOVE = YES;
				CLANG_WARN_UNGUARDED_AVAILABILITY = YES_AGGRESSIVE;
				CLANG_WARN_UNREACHABLE_CODE = YES;
				CLANG_WARN__DUPLICATE_METHOD_MATCH = YES;
				COPY_PHASE_STRIP = NO;
				DEBUG_INFORMATION_FORMAT = "dwarf-with-dsym";
				ENABLE_NS_ASSERTIONS = NO;
				ENABLE_STRICT_OBJC_MSGSEND = YES;
				GCC_C_LANGUAGE_STANDARD = gnu11;
				GCC_NO_COMMON_BLOCKS = YES;
				GCC_WARN_64_TO_32_BIT_CONVERSION = YES;
				GCC_WARN_ABOUT_RETURN_TYPE = YES_ERROR;
				GCC_WARN_UNDECLARED_SELECTOR = YES;
				GCC_WARN_UNINITIALIZED_AUTOS = YES_AGGRESSIVE;
				GCC_WARN_UNUSED_FUNCTION = YES;
				GCC_WARN_UNUSED_VARIABLE = YES;
				IPHONEOS_DEPLOYMENT_TARGET = 14.4;
				MTL_ENABLE_DEBUG_INFO = NO;
				MTL_FAST_MATH = YES;
				SDKROOT = iphoneos;
				SWIFT_COMPILATION_MODE = wholemodule;
				SWIFT_OPTIMIZATION_LEVEL = "-O";
				VALIDATE_PRODUCT = YES;
			};
			name = Release;
		};
		53887B7625E0C31D00E83337 /* Debug */ = {
			isa = XCBuildConfiguration;
			buildSettings = {
				ASSETCATALOG_COMPILER_APPICON_NAME = AppIcon;
				ASSETCATALOG_COMPILER_GLOBAL_ACCENT_COLOR_NAME = AccentColor;
				CODE_SIGN_STYLE = Automatic;
				INFOPLIST_FILE = flixster/Info.plist;
				LD_RUNPATH_SEARCH_PATHS = (
					"$(inherited)",
					"@executable_path/Frameworks",
				);
				PRODUCT_BUNDLE_IDENTIFIER = codepath.flixster;
				PRODUCT_NAME = "$(TARGET_NAME)";
				SWIFT_VERSION = 5.0;
				TARGETED_DEVICE_FAMILY = "1,2";
			};
			name = Debug;
		};
		53887B7725E0C31D00E83337 /* Release */ = {
			isa = XCBuildConfiguration;
			buildSettings = {
				ASSETCATALOG_COMPILER_APPICON_NAME = AppIcon;
				ASSETCATALOG_COMPILER_GLOBAL_ACCENT_COLOR_NAME = AccentColor;
				CODE_SIGN_STYLE = Automatic;
				INFOPLIST_FILE = flixster/Info.plist;
				LD_RUNPATH_SEARCH_PATHS = (
					"$(inherited)",
					"@executable_path/Frameworks",
				);
				PRODUCT_BUNDLE_IDENTIFIER = codepath.flixster;
				PRODUCT_NAME = "$(TARGET_NAME)";
				SWIFT_VERSION = 5.0;
				TARGETED_DEVICE_FAMILY = "1,2";
			};
			name = Release;
		};
		53887B7925E0C31D00E83337 /* Debug */ = {
			isa = XCBuildConfiguration;
			buildSettings = {
				ALWAYS_EMBED_SWIFT_STANDARD_LIBRARIES = YES;
				BUNDLE_LOADER = "$(TEST_HOST)";
				CODE_SIGN_STYLE = Automatic;
				INFOPLIST_FILE = flixsterTests/Info.plist;
				IPHONEOS_DEPLOYMENT_TARGET = 14.4;
				LD_RUNPATH_SEARCH_PATHS = (
					"$(inherited)",
					"@executable_path/Frameworks",
					"@loader_path/Frameworks",
				);
				PRODUCT_BUNDLE_IDENTIFIER = codepath.flixsterTests;
				PRODUCT_NAME = "$(TARGET_NAME)";
				SWIFT_VERSION = 5.0;
				TARGETED_DEVICE_FAMILY = "1,2";
				TEST_HOST = "$(BUILT_PRODUCTS_DIR)/flixster.app/flixster";
			};
			name = Debug;
		};
		53887B7A25E0C31D00E83337 /* Release */ = {
			isa = XCBuildConfiguration;
			buildSettings = {
				ALWAYS_EMBED_SWIFT_STANDARD_LIBRARIES = YES;
				BUNDLE_LOADER = "$(TEST_HOST)";
				CODE_SIGN_STYLE = Automatic;
				INFOPLIST_FILE = flixsterTests/Info.plist;
				IPHONEOS_DEPLOYMENT_TARGET = 14.4;
				LD_RUNPATH_SEARCH_PATHS = (
					"$(inherited)",
					"@executable_path/Frameworks",
					"@loader_path/Frameworks",
				);
				PRODUCT_BUNDLE_IDENTIFIER = codepath.flixsterTests;
				PRODUCT_NAME = "$(TARGET_NAME)";
				SWIFT_VERSION = 5.0;
				TARGETED_DEVICE_FAMILY = "1,2";
				TEST_HOST = "$(BUILT_PRODUCTS_DIR)/flixster.app/flixster";
			};
			name = Release;
		};
		53887B7C25E0C31D00E83337 /* Debug */ = {
			isa = XCBuildConfiguration;
			buildSettings = {
				ALWAYS_EMBED_SWIFT_STANDARD_LIBRARIES = YES;
				CODE_SIGN_STYLE = Automatic;
				INFOPLIST_FILE = flixsterUITests/Info.plist;
				LD_RUNPATH_SEARCH_PATHS = (
					"$(inherited)",
					"@executable_path/Frameworks",
					"@loader_path/Frameworks",
				);
				PRODUCT_BUNDLE_IDENTIFIER = codepath.flixsterUITests;
				PRODUCT_NAME = "$(TARGET_NAME)";
				SWIFT_VERSION = 5.0;
				TARGETED_DEVICE_FAMILY = "1,2";
				TEST_TARGET_NAME = flixster;
			};
			name = Debug;
		};
		53887B7D25E0C31D00E83337 /* Release */ = {
			isa = XCBuildConfiguration;
			buildSettings = {
				ALWAYS_EMBED_SWIFT_STANDARD_LIBRARIES = YES;
				CODE_SIGN_STYLE = Automatic;
				INFOPLIST_FILE = flixsterUITests/Info.plist;
				LD_RUNPATH_SEARCH_PATHS = (
					"$(inherited)",
					"@executable_path/Frameworks",
					"@loader_path/Frameworks",
				);
				PRODUCT_BUNDLE_IDENTIFIER = codepath.flixsterUITests;
				PRODUCT_NAME = "$(TARGET_NAME)";
				SWIFT_VERSION = 5.0;
				TARGETED_DEVICE_FAMILY = "1,2";
				TEST_TARGET_NAME = flixster;
			};
			name = Release;
		};
/* End XCBuildConfiguration section */

/* Begin XCConfigurationList section */
		53887B4625E0C31A00E83337 /* Build configuration list for PBXProject "flixster" */ = {
			isa = XCConfigurationList;
			buildConfigurations = (
				53887B7325E0C31D00E83337 /* Debug */,
				53887B7425E0C31D00E83337 /* Release */,
			);
			defaultConfigurationIsVisible = 0;
			defaultConfigurationName = Release;
		};
		53887B7525E0C31D00E83337 /* Build configuration list for PBXNativeTarget "flixster" */ = {
			isa = XCConfigurationList;
			buildConfigurations = (
				53887B7625E0C31D00E83337 /* Debug */,
				53887B7725E0C31D00E83337 /* Release */,
			);
			defaultConfigurationIsVisible = 0;
			defaultConfigurationName = Release;
		};
		53887B7825E0C31D00E83337 /* Build configuration list for PBXNativeTarget "flixsterTests" */ = {
			isa = XCConfigurationList;
			buildConfigurations = (
				53887B7925E0C31D00E83337 /* Debug */,
				53887B7A25E0C31D00E83337 /* Release */,
			);
			defaultConfigurationIsVisible = 0;
			defaultConfigurationName = Release;
		};
		53887B7B25E0C31D00E83337 /* Build configuration list for PBXNativeTarget "flixsterUITests" */ = {
			isa = XCConfigurationList;
			buildConfigurations = (
				53887B7C25E0C31D00E83337 /* Debug */,
				53887B7D25E0C31D00E83337 /* Release */,
			);
			defaultConfigurationIsVisible = 0;
			defaultConfigurationName = Release;
		};
/* End XCConfigurationList section */
	};
	rootObject = 53887B4325E0C31A00E83337 /* Project object */;
}
